
Microsoft Visual Studio Solution File, Format Version 12.00
# Visual Studio Version 16
VisualStudioVersion = 16.0.29411.108
MinimumVisualStudioVersion = 10.0.40219.1
Project("{FAE04EC0-301F-11D3-BF4B-00C04F79EFBC}") = "ProjetoEcommerce", "ProjetoEcommerce\ProjetoEcommerce.csproj", "{587050A9-5E42-47D3-AC51-C42A63B9A1D1}"
EndProject
Project("{2150E333-8FDC-42A3-9474-1A3956D46DE8}") = "0 - Apresentação", "0 - Apresentação", "{C90D2165-4B4F-4BAD-BDAF-9E7629692CEF}"
EndProject
Project("{2150E333-8FDC-42A3-9474-1A3956D46DE8}") = "1 - Domínio", "1 - Domínio", "{102921D9-4288-45FB-AB7A-D9083B926120}"
EndProject
Project("{FAE04EC0-301F-11D3-BF4B-00C04F79EFBC}") = "ProjetoEcommerce.Dominio", "ProjetoEcommerce.Dominio\ProjetoEcommerce.Dominio.csproj", "{95B18E84-1845-4B68-8A2E-D8C0D006E485}"
EndProject
Project("{2150E333-8FDC-42A3-9474-1A3956D46DE8}") = "2 - Service", "2 - Service", "{E131C5AF-9D37-430B-BC23-261F82769AD3}"
EndProject
Project("{2150E333-8FDC-42A3-9474-1A3956D46DE8}") = "3 - Infra", "3 - Infra", "{0DBCD4F9-29F9-455B-8C74-232FBD62D67C}"
EndProject
Project("{2150E333-8FDC-42A3-9474-1A3956D46DE8}") = "3.1 - Data", "3.1 - Data", "{97B66B23-0768-4290-8D6D-8D4EBAEE44BF}"
EndProject
Project("{FAE04EC0-301F-11D3-BF4B-00C04F79EFBC}") = "ProjetoEcommerce.Data", "ProjetoEcommerce.Data\ProjetoEcommerce.Data.csproj", "{709EBB4C-D47F-4334-A193-CE9E031AF1F0}"
EndProject
Global
	GlobalSection(SolutionConfigurationPlatforms) = preSolution
		Debug|Any CPU = Debug|Any CPU
		Release|Any CPU = Release|Any CPU
	EndGlobalSection
	GlobalSection(ProjectConfigurationPlatforms) = postSolution
		{587050A9-5E42-47D3-AC51-C42A63B9A1D1}.Debug|Any CPU.ActiveCfg = Debug|Any CPU
		{587050A9-5E42-47D3-AC51-C42A63B9A1D1}.Debug|Any CPU.Build.0 = Debug|Any CPU
		{587050A9-5E42-47D3-AC51-C42A63B9A1D1}.Release|Any CPU.ActiveCfg = Release|Any CPU
		{587050A9-5E42-47D3-AC51-C42A63B9A1D1}.Release|Any CPU.Build.0 = Release|Any CPU
		{95B18E84-1845-4B68-8A2E-D8C0D006E485}.Debug|Any CPU.ActiveCfg = Debug|Any CPU
		{95B18E84-1845-4B68-8A2E-D8C0D006E485}.Debug|Any CPU.Build.0 = Debug|Any CPU
		{95B18E84-1845-4B68-8A2E-D8C0D006E485}.Release|Any CPU.ActiveCfg = Release|Any CPU
		{95B18E84-1845-4B68-8A2E-D8C0D006E485}.Release|Any CPU.Build.0 = Release|Any CPU
		{709EBB4C-D47F-4334-A193-CE9E031AF1F0}.Debug|Any CPU.ActiveCfg = Debug|Any CPU
		{709EBB4C-D47F-4334-A193-CE9E031AF1F0}.Debug|Any CPU.Build.0 = Debug|Any CPU
		{709EBB4C-D47F-4334-A193-CE9E031AF1F0}.Release|Any CPU.ActiveCfg = Release|Any CPU
		{709EBB4C-D47F-4334-A193-CE9E031AF1F0}.Release|Any CPU.Build.0 = Release|Any CPU
	EndGlobalSection
	GlobalSection(SolutionProperties) = preSolution
		HideSolutionNode = FALSE
	EndGlobalSection
	GlobalSection(NestedProjects) = preSolution
		{587050A9-5E42-47D3-AC51-C42A63B9A1D1} = {C90D2165-4B4F-4BAD-BDAF-9E7629692CEF}
		{95B18E84-1845-4B68-8A2E-D8C0D006E485} = {102921D9-4288-45FB-AB7A-D9083B926120}
		{97B66B23-0768-4290-8D6D-8D4EBAEE44BF} = {0DBCD4F9-29F9-455B-8C74-232FBD62D67C}
		{709EBB4C-D47F-4334-A193-CE9E031AF1F0} = {97B66B23-0768-4290-8D6D-8D4EBAEE44BF}
	EndGlobalSection
	GlobalSection(ExtensibilityGlobals) = postSolution
		SolutionGuid = {FA1788EF-9948-4CFA-8F11-B97088D43200}
	EndGlobalSection
EndGlobal
